// !$*UTF8*$!
{
	archiveVersion = 1;
	classes = {
	};
	objectVersion = 46;
	objects = {

/* Begin PBXBuildFile section */
		F4566AAC1DDCB3410094A597 /* main.m in Sources */ = {isa = PBXBuildFile; fileRef = F4566AAB1DDCB3410094A597 /* main.m */; };
		F4566AAF1DDCB3410094A597 /* AppDelegate.m in Sources */ = {isa = PBXBuildFile; fileRef = F4566AAE1DDCB3410094A597 /* AppDelegate.m */; };
		F4566AB21DDCB3410094A597 /* ViewController.m in Sources */ = {isa = PBXBuildFile; fileRef = F4566AB11DDCB3410094A597 /* ViewController.m */; };
		F4566AB51DDCB3410094A597 /* Main.storyboard in Resources */ = {isa = PBXBuildFile; fileRef = F4566AB31DDCB3410094A597 /* Main.storyboard */; };
		F4566AB71DDCB3410094A597 /* Assets.xcassets in Resources */ = {isa = PBXBuildFile; fileRef = F4566AB61DDCB3410094A597 /* Assets.xcassets */; };
		F4566ABA1DDCB3410094A597 /* LaunchScreen.storyboard in Resources */ = {isa = PBXBuildFile; fileRef = F4566AB81DDCB3410094A597 /* LaunchScreen.storyboard */; };
		F4566AC31DDCB4AA0094A597 /* SuperView.m in Sources */ = {isa = PBXBuildFile; fileRef = F4566AC21DDCB4AA0094A597 /* SuperView.m */; };
		F4566ACC1DDE080C0094A597 /* UIView+HitExtension.m in Sources */ = {isa = PBXBuildFile; fileRef = F4566ACB1DDE080C0094A597 /* UIView+HitExtension.m */; };
		F4566ACF1DDE08FF0094A597 /* ViewA.m in Sources */ = {isa = PBXBuildFile; fileRef = F4566ACE1DDE08FF0094A597 /* ViewA.m */; };
		F4566AD21DDE09070094A597 /* ViewB.m in Sources */ = {isa = PBXBuildFile; fileRef = F4566AD11DDE09070094A597 /* ViewB.m */; };
		F4566AD51DDE09100094A597 /* ViewC.m in Sources */ = {isa = PBXBuildFile; fileRef = F4566AD41DDE09100094A597 /* ViewC.m */; };
		F4566AD81DDE09170094A597 /* ViewD.m in Sources */ = {isa = PBXBuildFile; fileRef = F4566AD71DDE09170094A597 /* ViewD.m */; };
		F4566ADB1DDE09210094A597 /* ViewE.m in Sources */ = {isa = PBXBuildFile; fileRef = F4566ADA1DDE09210094A597 /* ViewE.m */; };
/* End PBXBuildFile section */

/* Begin PBXFileReference section */
		F4566AA71DDCB3410094A597 /* ResponseLink.app */ = {isa = PBXFileReference; explicitFileType = wrapper.application; includeInIndex = 0; path = ResponseLink.app; sourceTree = BUILT_PRODUCTS_DIR; };
		F4566AAB1DDCB3410094A597 /* main.m */ = {isa = PBXFileReference; lastKnownFileType = sourcecode.c.objc; path = main.m; sourceTree = "<group>"; };
		F4566AAD1DDCB3410094A597 /* AppDelegate.h */ = {isa = PBXFileReference; lastKnownFileType = sourcecode.c.h; path = AppDelegate.h; sourceTree = "<group>"; };
		F4566AAE1DDCB3410094A597 /* AppDelegate.m */ = {isa = PBXFileReference; lastKnownFileType = sourcecode.c.objc; path = AppDelegate.m; sourceTree = "<group>"; };
		F4566AB01DDCB3410094A597 /* ViewController.h */ = {isa = PBXFileReference; lastKnownFileType = sourcecode.c.h; path = ViewController.h; sourceTree = "<group>"; };
		F4566AB11DDCB3410094A597 /* ViewController.m */ = {isa = PBXFileReference; lastKnownFileType = sourcecode.c.objc; path = ViewController.m; sourceTree = "<group>"; };
		F4566AB41DDCB3410094A597 /* Base */ = {isa = PBXFileReference; lastKnownFileType = file.storyboard; name = Base; path = Base.lproj/Main.storyboard; sourceTree = "<group>"; };
		F4566AB61DDCB3410094A597 /* Assets.xcassets */ = {isa = PBXFileReference; lastKnownFileType = folder.assetcatalog; path = Assets.xcassets; sourceTree = "<group>"; };
		F4566AB91DDCB3410094A597 /* Base */ = {isa = PBXFileReference; lastKnownFileType = file.storyboard; name = Base; path = Base.lproj/LaunchScreen.storyboard; sourceTree = "<group>"; };
		F4566ABB1DDCB3410094A597 /* Info.plist */ = {isa = PBXFileReference; lastKnownFileType = text.plist.xml; path = Info.plist; sourceTree = "<group>"; };
		F4566AC11DDCB4AA0094A597 /* SuperView.h */ = {isa = PBXFileReference; fileEncoding = 4; lastKnownFileType = sourcecode.c.h; path = SuperView.h; sourceTree = "<group>"; };
		F4566AC21DDCB4AA0094A597 /* SuperView.m */ = {isa = PBXFileReference; fileEncoding = 4; lastKnownFileType = sourcecode.c.objc; path = SuperView.m; sourceTree = "<group>"; };
		F4566ACA1DDE080C0094A597 /* UIView+HitExtension.h */ = {isa = PBXFileReference; fileEncoding = 4; lastKnownFileType = sourcecode.c.h; path = "UIView+HitExtension.h"; sourceTree = "<group>"; };
		F4566ACB1DDE080C0094A597 /* UIView+HitExtension.m */ = {isa = PBXFileReference; fileEncoding = 4; lastKnownFileType = sourcecode.c.objc; path = "UIView+HitExtension.m"; sourceTree = "<group>"; };
		F4566ACD1DDE08FF0094A597 /* ViewA.h */ = {isa = PBXFileReference; fileEncoding = 4; lastKnownFileType = sourcecode.c.h; path = ViewA.h; sourceTree = "<group>"; };
		F4566ACE1DDE08FF0094A597 /* ViewA.m */ = {isa = PBXFileReference; fileEncoding = 4; lastKnownFileType = sourcecode.c.objc; path = ViewA.m; sourceTree = "<group>"; };
		F4566AD01DDE09070094A597 /* ViewB.h */ = {isa = PBXFileReference; fileEncoding = 4; lastKnownFileType = sourcecode.c.h; path = ViewB.h; sourceTree = "<group>"; };
		F4566AD11DDE09070094A597 /* ViewB.m */ = {isa = PBXFileReference; fileEncoding = 4; lastKnownFileType = sourcecode.c.objc; path = ViewB.m; sourceTree = "<group>"; };
		F4566AD31DDE09100094A597 /* ViewC.h */ = {isa = PBXFileReference; fileEncoding = 4; lastKnownFileType = sourcecode.c.h; path = ViewC.h; sourceTree = "<group>"; };
		F4566AD41DDE09100094A597 /* ViewC.m */ = {isa = PBXFileReference; fileEncoding = 4; lastKnownFileType = sourcecode.c.objc; path = ViewC.m; sourceTree = "<group>"; };
		F4566AD61DDE09170094A597 /* ViewD.h */ = {isa = PBXFileReference; fileEncoding = 4; lastKnownFileType = sourcecode.c.h; path = ViewD.h; sourceTree = "<group>"; };
		F4566AD71DDE09170094A597 /* ViewD.m */ = {isa = PBXFileReference; fileEncoding = 4; lastKnownFileType = sourcecode.c.objc; path = ViewD.m; sourceTree = "<group>"; };
		F4566AD91DDE09210094A597 /* ViewE.h */ = {isa = PBXFileReference; fileEncoding = 4; lastKnownFileType = sourcecode.c.h; path = ViewE.h; sourceTree = "<group>"; };
		F4566ADA1DDE09210094A597 /* ViewE.m */ = {isa = PBXFileReference; fileEncoding = 4; lastKnownFileType = sourcecode.c.objc; path = ViewE.m; sourceTree = "<group>"; };
/* End PBXFileReference section */

/* Begin PBXFrameworksBuildPhase section */
		F4566AA41DDCB3410094A597 /* Frameworks */ = {
			isa = PBXFrameworksBuildPhase;
			buildActionMask = 2147483647;
			files = (
			);
			runOnlyForDeploymentPostprocessing = 0;
		};
/* End PBXFrameworksBuildPhase section */

/* Begin PBXGroup section */
		F4566A9E1DDCB3410094A597 = {
			isa = PBXGroup;
			children = (
				F4566AA91DDCB3410094A597 /* ResponseLink */,
				F4566AA81DDCB3410094A597 /* Products */,
			);
			sourceTree = "<group>";
		};
		F4566AA81DDCB3410094A597 /* Products */ = {
			isa = PBXGroup;
			children = (
				F4566AA71DDCB3410094A597 /* ResponseLink.app */,
			);
			name = Products;
			sourceTree = "<group>";
		};
		F4566AA91DDCB3410094A597 /* ResponseLink */ = {
			isa = PBXGroup;
			children = (
				F4566AAD1DDCB3410094A597 /* AppDelegate.h */,
				F4566AAE1DDCB3410094A597 /* AppDelegate.m */,
				F4566AB01DDCB3410094A597 /* ViewController.h */,
				F4566AB11DDCB3410094A597 /* ViewController.m */,
				F4566AC11DDCB4AA0094A597 /* SuperView.h */,
				F4566AC21DDCB4AA0094A597 /* SuperView.m */,
				F4566ACD1DDE08FF0094A597 /* ViewA.h */,
				F4566ACE1DDE08FF0094A597 /* ViewA.m */,
				F4566AD01DDE09070094A597 /* ViewB.h */,
				F4566AD11DDE09070094A597 /* ViewB.m */,
				F4566AD31DDE09100094A597 /* ViewC.h */,
				F4566AD41DDE09100094A597 /* ViewC.m */,
				F4566AD61DDE09170094A597 /* ViewD.h */,
				F4566AD71DDE09170094A597 /* ViewD.m */,
				F4566AD91DDE09210094A597 /* ViewE.h */,
				F4566ADA1DDE09210094A597 /* ViewE.m */,
				F4566ACA1DDE080C0094A597 /* UIView+HitExtension.h */,
				F4566ACB1DDE080C0094A597 /* UIView+HitExtension.m */,
				F4566AB31DDCB3410094A597 /* Main.storyboard */,
				F4566AB61DDCB3410094A597 /* Assets.xcassets */,
				F4566AB81DDCB3410094A597 /* LaunchScreen.storyboard */,
				F4566ABB1DDCB3410094A597 /* Info.plist */,
				F4566AAA1DDCB3410094A597 /* Supporting Files */,
			);
			path = ResponseLink;
			sourceTree = "<group>";
		};
		F4566AAA1DDCB3410094A597 /* Supporting Files */ = {
			isa = PBXGroup;
			children = (
				F4566AAB1DDCB3410094A597 /* main.m */,
			);
			name = "Supporting Files";
			sourceTree = "<group>";
		};
/* End PBXGroup section */

/* Begin PBXNativeTarget section */
		F4566AA61DDCB3410094A597 /* ResponseLink */ = {
			isa = PBXNativeTarget;
			buildConfigurationList = F4566ABE1DDCB3410094A597 /* Build configuration list for PBXNativeTarget "ResponseLink" */;
			buildPhases = (
				F4566AA31DDCB3410094A597 /* Sources */,
				F4566AA41DDCB3410094A597 /* Frameworks */,
				F4566AA51DDCB3410094A597 /* Resources */,
			);
			buildRules = (
			);
			dependencies = (
			);
			name = ResponseLink;
			productName = ResponseLink;
			productReference = F4566AA71DDCB3410094A597 /* ResponseLink.app */;
			productType = "com.apple.product-type.application";
		};
/* End PBXNativeTarget section */

/* Begin PBXProject section */
		F4566A9F1DDCB3410094A597 /* Project object */ = {
			isa = PBXProject;
			attributes = {
				LastUpgradeCheck = 0720;
				ORGANIZATIONNAME = __Nature__;
				TargetAttributes = {
					F4566AA61DDCB3410094A597 = {
						CreatedOnToolsVersion = 7.2;
					};
				};
			};
			buildConfigurationList = F4566AA21DDCB3410094A597 /* Build configuration list for PBXProject "ResponseLink" */;
			compatibilityVersion = "Xcode 3.2";
			developmentRegion = English;
			hasScannedForEncodings = 0;
			knownRegions = (
				en,
				Base,
			);
			mainGroup = F4566A9E1DDCB3410094A597;
			productRefGroup = F4566AA81DDCB3410094A597 /* Products */;
			projectDirPath = "";
			projectRoot = "";
			targets = (
				F4566AA61DDCB3410094A597 /* ResponseLink */,
			);
		};
/* End PBXProject section */

/* Begin PBXResourcesBuildPhase section */
		F4566AA51DDCB3410094A597 /* Resources */ = {
			isa = PBXResourcesBuildPhase;
			buildActionMask = 2147483647;
			files = (
				F4566ABA1DDCB3410094A597 /* LaunchScreen.storyboard in Resources */,
				F4566AB71DDCB3410094A597 /* Assets.xcassets in Resources */,
				F4566AB51DDCB3410094A597 /* Main.storyboard in Resources */,
			);
			runOnlyForDeploymentPostprocessing = 0;
		};
/* End PBXResourcesBuildPhase section */

/* Begin PBXSourcesBuildPhase section */
		F4566AA31DDCB3410094A597 /* Sources */ = {
			isa = PBXSourcesBuildPhase;
			buildActionMask = 2147483647;
			files = (
				F4566AD51DDE09100094A597 /* ViewC.m in Sources */,
				F4566ACF1DDE08FF0094A597 /* ViewA.m in Sources */,
				F4566AC31DDCB4AA0094A597 /* SuperView.m in Sources */,
				F4566AD81DDE09170094A597 /* ViewD.m in Sources */,
				F4566ACC1DDE080C0094A597 /* UIView+HitExtension.m in Sources */,
				F4566AB21DDCB3410094A597 /* ViewController.m in Sources */,
				F4566ADB1DDE09210094A597 /* ViewE.m in Sources */,
				F4566AAF1DDCB3410094A597 /* AppDelegate.m in Sources */,
				F4566AAC1DDCB3410094A597 /* main.m in Sources */,
				F4566AD21DDE09070094A597 /* ViewB.m in Sources */,
			);
			runOnlyForDeploymentPostprocessing = 0;
		};
/* End PBXSourcesBuildPhase section */

/* Begin PBXVariantGroup section */
		F4566AB31DDCB3410094A597 /* Main.storyboard */ = {
			isa = PBXVariantGroup;
			children = (
				F4566AB41DDCB3410094A597 /* Base */,
			);
			name = Main.storyboard;
			sourceTree = "<group>";
		};
		F4566AB81DDCB3410094A597 /* LaunchScreen.storyboard */ = {
			isa = PBXVariantGroup;
			children = (
				F4566AB91DDCB3410094A597 /* Base */,
			);
			name = LaunchScreen.storyboard;
			sourceTree = "<group>";
		};
/* End PBXVariantGroup section */

/* Begin XCBuildConfiguration section */
		F4566ABC1DDCB3410094A597 /* Debug */ = {
			isa = XCBuildConfiguration;
			buildSettings = {
				ALWAYS_SEARCH_USER_PATHS = NO;
				CLANG_CXX_LANGUAGE_STANDARD = "gnu++0x";
				CLANG_CXX_LIBRARY = "libc++";
				CLANG_ENABLE_MODULES = YES;
				CLANG_ENABLE_OBJC_ARC = YES;
				CLANG_WARN_BOOL_CONVERSION = YES;
				CLANG_WARN_CONSTANT_CONVERSION = YES;
				CLANG_WARN_DIRECT_OBJC_ISA_USAGE = YES_ERROR;
				CLANG_WARN_EMPTY_BODY = YES;
				CLANG_WARN_ENUM_CONVERSION = YES;
				CLANG_WARN_INT_CONVERSION = YES;
				CLANG_WARN_OBJC_ROOT_CLASS = YES_ERROR;
				CLANG_WARN_UNREACHABLE_CODE = YES;
				CLANG_WARN__DUPLICATE_METHOD_MATCH = YES;
				"CODE_SIGN_IDENTITY[sdk=iphoneos*]" = "iPhone Developer";
				COPY_PHASE_STRIP = NO;
				DEBUG_INFORMATION_FORMAT = dwarf;
				ENABLE_STRICT_OBJC_MSGSEND = YES;
				ENABLE_TESTABILITY = YES;
				GCC_C_LANGUAGE_STANDARD = gnu99;
				GCC_DYNAMIC_NO_PIC = NO;
				GCC_NO_COMMON_BLOCKS = YES;
				GCC_OPTIMIZATION_LEVEL = 0;
				GCC_PREPROCESSOR_DEFINITIONS = (
					"DEBUG=1",
					"$(inherited)",
				);
				GCC_WARN_64_TO_32_BIT_CONVERSION = YES;
				GCC_WARN_ABOUT_RETURN_TYPE = YES_ERROR;
				GCC_WARN_UNDECLARED_SELECTOR = YES;
				GCC_WARN_UNINITIALIZED_AUTOS = YES_AGGRESSIVE;
				GCC_WARN_UNUSED_FUNCTION = YES;
				GCC_WARN_UNUSED_VARIABLE = YES;
				IPHONEOS_DEPLOYMENT_TARGET = 9.2;
				MTL_ENABLE_DEBUG_INFO = YES;
				ONLY_ACTIVE_ARCH = YES;
				SDKROOT = iphoneos;
			};
			name = Debug;
		};
		F4566ABD1DDCB3410094A597 /* Release */ = {
			isa = XCBuildConfiguration;
			buildSettings = {
				ALWAYS_SEARCH_USER_PATHS = NO;
				CLANG_CXX_LANGUAGE_STANDARD = "gnu++0x";
				CLANG_CXX_LIBRARY = "libc++";
				CLANG_ENABLE_MODULES = YES;
				CLANG_ENABLE_OBJC_ARC = YES;
				CLANG_WARN_BOOL_CONVERSION = YES;
				CLANG_WARN_CONSTANT_CONVERSION = YES;
				CLANG_WARN_DIRECT_OBJC_ISA_USAGE = YES_ERROR;
				CLANG_WARN_EMPTY_BODY = YES;
				CLANG_WARN_ENUM_CONVERSION = YES;
				CLANG_WARN_INT_CONVERSION = YES;
				CLANG_WARN_OBJC_ROOT_CLASS = YES_ERROR;
				CLANG_WARN_UNREACHABLE_CODE = YES;
				CLANG_WARN__DUPLICATE_METHOD_MATCH = YES;
				"CODE_SIGN_IDENTITY[sdk=iphoneos*]" = "iPhone Developer";
				COPY_PHASE_STRIP = NO;
				DEBUG_INFORMATION_FORMAT = "dwarf-with-dsym";
				ENABLE_NS_ASSERTIONS = NO;
				ENABLE_STRICT_OBJC_MSGSEND = YES;
				GCC_C_LANGUAGE_STANDARD = gnu99;
				GCC_NO_COMMON_BLOCKS = YES;
				GCC_WARN_64_TO_32_BIT_CONVERSION = YES;
				GCC_WARN_ABOUT_RETURN_TYPE = YES_ERROR;
				GCC_WARN_UNDECLARED_SELECTOR = YES;
				GCC_WARN_UNINITIALIZED_AUTOS = YES_AGGRESSIVE;
				GCC_WARN_UNUSED_FUNCTION = YES;
				GCC_WARN_UNUSED_VARIABLE = YES;
				IPHONEOS_DEPLOYMENT_TARGET = 9.2;
				MTL_ENABLE_DEBUG_INFO = NO;
				SDKROOT = iphoneos;
				VALIDATE_PRODUCT = YES;
			};
			name = Release;
		};
		F4566ABF1DDCB3410094A597 /* Debug */ = {
			isa = XCBuildConfiguration;
			buildSettings = {
				ASSETCATALOG_COMPILER_APPICON_NAME = AppIcon;
				INFOPLIST_FILE = ResponseLink/Info.plist;
				LD_RUNPATH_SEARCH_PATHS = "$(inherited) @executable_path/Frameworks";
				PRODUCT_BUNDLE_IDENTIFIER = "--Nature--.ResponseLink";
				PRODUCT_NAME = "$(TARGET_NAME)";
			};
			name = Debug;
		};
		F4566AC01DDCB3410094A597 /* Release */ = {
			isa = XCBuildConfiguration;
			buildSettings = {
				ASSETCATALOG_COMPILER_APPICON_NAME = AppIcon;
				INFOPLIST_FILE = ResponseLink/Info.plist;
				LD_RUNPATH_SEARCH_PATHS = "$(inherited) @executable_path/Frameworks";
				PRODUCT_BUNDLE_IDENTIFIER = "--Nature--.ResponseLink";
				PRODUCT_NAME = "$(TARGET_NAME)";
			};
			name = Release;
		};
/* End XCBuildConfiguration section */

/* Begin XCConfigurationList section */
		F4566AA21DDCB3410094A597 /* Build configuration list for PBXProject "ResponseLink" */ = {
			isa = XCConfigurationList;
			buildConfigurations = (
				F4566ABC1DDCB3410094A597 /* Debug */,
				F4566ABD1DDCB3410094A597 /* Release */,
			);
			defaultConfigurationIsVisible = 0;
			defaultConfigurationName = Release;
		};
		F4566ABE1DDCB3410094A597 /* Build configuration list for PBXNativeTarget "ResponseLink" */ = {
			isa = XCConfigurationList;
			buildConfigurations = (
				F4566ABF1DDCB3410094A597 /* Debug */,
				F4566AC01DDCB3410094A597 /* Release */,
			);
			defaultConfigurationIsVisible = 0;
			defaultConfigurationName = Release;
		};
/* End XCConfigurationList section */
	};
	rootObject = F4566A9F1DDCB3410094A597 /* Project object */;
}
